// !$*UTF8*$!
{
	archiveVersion = 1;
	classes = {
	};
	objectVersion = 56;
	objects = {

/* Begin PBXBuildFile section */
		64A590BA2B11A3B500F14EF5 /* AppDelegate.swift in Sources */ = {isa = PBXBuildFile; fileRef = 64A590B92B11A3B500F14EF5 /* AppDelegate.swift */; };
		64A590BC2B11A3B500F14EF5 /* SceneDelegate.swift in Sources */ = {isa = PBXBuildFile; fileRef = 64A590BB2B11A3B500F14EF5 /* SceneDelegate.swift */; };
		64A590C12B11A3B500F14EF5 /* Main.storyboard in Resources */ = {isa = PBXBuildFile; fileRef = 64A590BF2B11A3B500F14EF5 /* Main.storyboard */; };
		64A590C42B11A3B500F14EF5 /* PhonePayDemo.xcdatamodeld in Sources */ = {isa = PBXBuildFile; fileRef = 64A590C22B11A3B500F14EF5 /* PhonePayDemo.xcdatamodeld */; };
		64A590C62B11A3B600F14EF5 /* Assets.xcassets in Resources */ = {isa = PBXBuildFile; fileRef = 64A590C52B11A3B600F14EF5 /* Assets.xcassets */; };
		64A590C92B11A3B600F14EF5 /* LaunchScreen.storyboard in Resources */ = {isa = PBXBuildFile; fileRef = 64A590C72B11A3B600F14EF5 /* LaunchScreen.storyboard */; };
		64A590D12B11A73100F14EF5 /* VenueListViewController.swift in Sources */ = {isa = PBXBuildFile; fileRef = 64A590D02B11A73100F14EF5 /* VenueListViewController.swift */; };
		64A590D32B11A84900F14EF5 /* VenueListCell.swift in Sources */ = {isa = PBXBuildFile; fileRef = 64A590D22B11A84900F14EF5 /* VenueListCell.swift */; };
		64A590D52B11AA6600F14EF5 /* NetworkHelper.swift in Sources */ = {isa = PBXBuildFile; fileRef = 64A590D42B11AA6600F14EF5 /* NetworkHelper.swift */; };
		64A590DD2B11ABA900F14EF5 /* Geolocation.swift in Sources */ = {isa = PBXBuildFile; fileRef = 64A590D72B11ABA900F14EF5 /* Geolocation.swift */; };
		64A590DE2B11ABA900F14EF5 /* Meta.swift in Sources */ = {isa = PBXBuildFile; fileRef = 64A590D82B11ABA900F14EF5 /* Meta.swift */; };
		64A590DF2B11ABA900F14EF5 /* VenueListModel.swift in Sources */ = {isa = PBXBuildFile; fileRef = 64A590D92B11ABA900F14EF5 /* VenueListModel.swift */; };
		64A590E02B11ABA900F14EF5 /* Stats.swift in Sources */ = {isa = PBXBuildFile; fileRef = 64A590DA2B11ABA900F14EF5 /* Stats.swift */; };
		64A590E12B11ABA900F14EF5 /* Venues.swift in Sources */ = {isa = PBXBuildFile; fileRef = 64A590DB2B11ABA900F14EF5 /* Venues.swift */; };
		64A590E22B11ABA900F14EF5 /* Location.swift in Sources */ = {isa = PBXBuildFile; fileRef = 64A590DC2B11ABA900F14EF5 /* Location.swift */; };
		64A590E42B11B34900F14EF5 /* Reachability.swift in Sources */ = {isa = PBXBuildFile; fileRef = 64A590E32B11B34900F14EF5 /* Reachability.swift */; };
		64A590E92B11B43E00F14EF5 /* VenueListViewModel.swift in Sources */ = {isa = PBXBuildFile; fileRef = 64A590E82B11B43E00F14EF5 /* VenueListViewModel.swift */; };
		64A590EB2B11B46700F14EF5 /* UIViewController+Extension.swift in Sources */ = {isa = PBXBuildFile; fileRef = 64A590EA2B11B46700F14EF5 /* UIViewController+Extension.swift */; };
		64A590ED2B11B5BB00F14EF5 /* CurrentLocationTrackManager.swift in Sources */ = {isa = PBXBuildFile; fileRef = 64A590EC2B11B5BB00F14EF5 /* CurrentLocationTrackManager.swift */; };
/* End PBXBuildFile section */

/* Begin PBXFileReference section */
		64A590B62B11A3B500F14EF5 /* PhonePayDemo.app */ = {isa = PBXFileReference; explicitFileType = wrapper.application; includeInIndex = 0; path = PhonePayDemo.app; sourceTree = BUILT_PRODUCTS_DIR; };
		64A590B92B11A3B500F14EF5 /* AppDelegate.swift */ = {isa = PBXFileReference; lastKnownFileType = sourcecode.swift; path = AppDelegate.swift; sourceTree = "<group>"; };
		64A590BB2B11A3B500F14EF5 /* SceneDelegate.swift */ = {isa = PBXFileReference; lastKnownFileType = sourcecode.swift; path = SceneDelegate.swift; sourceTree = "<group>"; };
		64A590C02B11A3B500F14EF5 /* Base */ = {isa = PBXFileReference; lastKnownFileType = file.storyboard; name = Base; path = Base.lproj/Main.storyboard; sourceTree = "<group>"; };
		64A590C32B11A3B500F14EF5 /* PhonePayDemo.xcdatamodel */ = {isa = PBXFileReference; lastKnownFileType = wrapper.xcdatamodel; path = PhonePayDemo.xcdatamodel; sourceTree = "<group>"; };
		64A590C52B11A3B600F14EF5 /* Assets.xcassets */ = {isa = PBXFileReference; lastKnownFileType = folder.assetcatalog; path = Assets.xcassets; sourceTree = "<group>"; };
		64A590C82B11A3B600F14EF5 /* Base */ = {isa = PBXFileReference; lastKnownFileType = file.storyboard; name = Base; path = Base.lproj/LaunchScreen.storyboard; sourceTree = "<group>"; };
		64A590CA2B11A3B600F14EF5 /* Info.plist */ = {isa = PBXFileReference; lastKnownFileType = text.plist.xml; path = Info.plist; sourceTree = "<group>"; };
		64A590D02B11A73100F14EF5 /* VenueListViewController.swift */ = {isa = PBXFileReference; lastKnownFileType = sourcecode.swift; path = VenueListViewController.swift; sourceTree = "<group>"; };
		64A590D22B11A84900F14EF5 /* VenueListCell.swift */ = {isa = PBXFileReference; lastKnownFileType = sourcecode.swift; path = VenueListCell.swift; sourceTree = "<group>"; };
		64A590D42B11AA6600F14EF5 /* NetworkHelper.swift */ = {isa = PBXFileReference; lastKnownFileType = sourcecode.swift; path = NetworkHelper.swift; sourceTree = "<group>"; };
		64A590D72B11ABA900F14EF5 /* Geolocation.swift */ = {isa = PBXFileReference; fileEncoding = 4; lastKnownFileType = sourcecode.swift; path = Geolocation.swift; sourceTree = "<group>"; };
		64A590D82B11ABA900F14EF5 /* Meta.swift */ = {isa = PBXFileReference; fileEncoding = 4; lastKnownFileType = sourcecode.swift; path = Meta.swift; sourceTree = "<group>"; };
		64A590D92B11ABA900F14EF5 /* VenueListModel.swift */ = {isa = PBXFileReference; fileEncoding = 4; lastKnownFileType = sourcecode.swift; path = VenueListModel.swift; sourceTree = "<group>"; };
		64A590DA2B11ABA900F14EF5 /* Stats.swift */ = {isa = PBXFileReference; fileEncoding = 4; lastKnownFileType = sourcecode.swift; path = Stats.swift; sourceTree = "<group>"; };
		64A590DB2B11ABA900F14EF5 /* Venues.swift */ = {isa = PBXFileReference; fileEncoding = 4; lastKnownFileType = sourcecode.swift; path = Venues.swift; sourceTree = "<group>"; };
		64A590DC2B11ABA900F14EF5 /* Location.swift */ = {isa = PBXFileReference; fileEncoding = 4; lastKnownFileType = sourcecode.swift; path = Location.swift; sourceTree = "<group>"; };
		64A590E32B11B34900F14EF5 /* Reachability.swift */ = {isa = PBXFileReference; lastKnownFileType = sourcecode.swift; path = Reachability.swift; sourceTree = "<group>"; };
		64A590E82B11B43E00F14EF5 /* VenueListViewModel.swift */ = {isa = PBXFileReference; lastKnownFileType = sourcecode.swift; path = VenueListViewModel.swift; sourceTree = "<group>"; };
		64A590EA2B11B46700F14EF5 /* UIViewController+Extension.swift */ = {isa = PBXFileReference; lastKnownFileType = sourcecode.swift; path = "UIViewController+Extension.swift"; sourceTree = "<group>"; };
		64A590EC2B11B5BB00F14EF5 /* CurrentLocationTrackManager.swift */ = {isa = PBXFileReference; lastKnownFileType = sourcecode.swift; path = CurrentLocationTrackManager.swift; sourceTree = "<group>"; };
/* End PBXFileReference section */

/* Begin PBXFrameworksBuildPhase section */
		64A590B32B11A3B500F14EF5 /* Frameworks */ = {
			isa = PBXFrameworksBuildPhase;
			buildActionMask = 2147483647;
			files = (
			);
			runOnlyForDeploymentPostprocessing = 0;
		};
/* End PBXFrameworksBuildPhase section */

/* Begin PBXGroup section */
		64A590AD2B11A3B500F14EF5 = {
			isa = PBXGroup;
			children = (
				64A590B82B11A3B500F14EF5 /* PhonePayDemo */,
				64A590B72B11A3B500F14EF5 /* Products */,
			);
			sourceTree = "<group>";
		};
		64A590B72B11A3B500F14EF5 /* Products */ = {
			isa = PBXGroup;
			children = (
				64A590B62B11A3B500F14EF5 /* PhonePayDemo.app */,
			);
			name = Products;
			sourceTree = "<group>";
		};
		64A590B82B11A3B500F14EF5 /* PhonePayDemo */ = {
			isa = PBXGroup;
			children = (
				64A590E72B11B42A00F14EF5 /* ViewModel */,
				64A590E62B11B41800F14EF5 /* Utility */,
				64A590E52B11B40700F14EF5 /* View */,
				64A590D62B11AB9800F14EF5 /* Model */,
				64A590B92B11A3B500F14EF5 /* AppDelegate.swift */,
				64A590BB2B11A3B500F14EF5 /* SceneDelegate.swift */,
				64A590BF2B11A3B500F14EF5 /* Main.storyboard */,
				64A590C52B11A3B600F14EF5 /* Assets.xcassets */,
				64A590C72B11A3B600F14EF5 /* LaunchScreen.storyboard */,
				64A590CA2B11A3B600F14EF5 /* Info.plist */,
				64A590C22B11A3B500F14EF5 /* PhonePayDemo.xcdatamodeld */,
			);
			path = PhonePayDemo;
			sourceTree = "<group>";
		};
		64A590D62B11AB9800F14EF5 /* Model */ = {
			isa = PBXGroup;
			children = (
				64A590D72B11ABA900F14EF5 /* Geolocation.swift */,
				64A590D92B11ABA900F14EF5 /* VenueListModel.swift */,
				64A590DC2B11ABA900F14EF5 /* Location.swift */,
				64A590D82B11ABA900F14EF5 /* Meta.swift */,
				64A590DA2B11ABA900F14EF5 /* Stats.swift */,
				64A590DB2B11ABA900F14EF5 /* Venues.swift */,
			);
			path = Model;
			sourceTree = "<group>";
		};
		64A590E52B11B40700F14EF5 /* View */ = {
			isa = PBXGroup;
			children = (
				64A590D22B11A84900F14EF5 /* VenueListCell.swift */,
				64A590D02B11A73100F14EF5 /* VenueListViewController.swift */,
			);
			path = View;
			sourceTree = "<group>";
		};
		64A590E62B11B41800F14EF5 /* Utility */ = {
			isa = PBXGroup;
			children = (
				64A590E32B11B34900F14EF5 /* Reachability.swift */,
				64A590D42B11AA6600F14EF5 /* NetworkHelper.swift */,
				64A590EA2B11B46700F14EF5 /* UIViewController+Extension.swift */,
				64A590EC2B11B5BB00F14EF5 /* CurrentLocationTrackManager.swift */,
			);
			path = Utility;
			sourceTree = "<group>";
		};
		64A590E72B11B42A00F14EF5 /* ViewModel */ = {
			isa = PBXGroup;
			children = (
				64A590E82B11B43E00F14EF5 /* VenueListViewModel.swift */,
			);
			path = ViewModel;
			sourceTree = "<group>";
		};
/* End PBXGroup section */

/* Begin PBXNativeTarget section */
		64A590B52B11A3B500F14EF5 /* PhonePayDemo */ = {
			isa = PBXNativeTarget;
			buildConfigurationList = 64A590CD2B11A3B600F14EF5 /* Build configuration list for PBXNativeTarget "PhonePayDemo" */;
			buildPhases = (
				64A590B22B11A3B500F14EF5 /* Sources */,
				64A590B32B11A3B500F14EF5 /* Frameworks */,
				64A590B42B11A3B500F14EF5 /* Resources */,
			);
			buildRules = (
			);
			dependencies = (
			);
			name = PhonePayDemo;
			productName = PhonePayDemo;
			productReference = 64A590B62B11A3B500F14EF5 /* PhonePayDemo.app */;
			productType = "com.apple.product-type.application";
		};
/* End PBXNativeTarget section */

/* Begin PBXProject section */
		64A590AE2B11A3B500F14EF5 /* Project object */ = {
			isa = PBXProject;
			attributes = {
				BuildIndependentTargetsInParallel = 1;
				LastSwiftUpdateCheck = 1500;
				LastUpgradeCheck = 1500;
				TargetAttributes = {
					64A590B52B11A3B500F14EF5 = {
						CreatedOnToolsVersion = 15.0;
					};
				};
			};
			buildConfigurationList = 64A590B12B11A3B500F14EF5 /* Build configuration list for PBXProject "PhonePayDemo" */;
			compatibilityVersion = "Xcode 14.0";
			developmentRegion = en;
			hasScannedForEncodings = 0;
			knownRegions = (
				en,
				Base,
			);
			mainGroup = 64A590AD2B11A3B500F14EF5;
			productRefGroup = 64A590B72B11A3B500F14EF5 /* Products */;
			projectDirPath = "";
			projectRoot = "";
			targets = (
				64A590B52B11A3B500F14EF5 /* PhonePayDemo */,
			);
		};
/* End PBXProject section */

/* Begin PBXResourcesBuildPhase section */
		64A590B42B11A3B500F14EF5 /* Resources */ = {
			isa = PBXResourcesBuildPhase;
			buildActionMask = 2147483647;
			files = (
				64A590C92B11A3B600F14EF5 /* LaunchScreen.storyboard in Resources */,
				64A590C62B11A3B600F14EF5 /* Assets.xcassets in Resources */,
				64A590C12B11A3B500F14EF5 /* Main.storyboard in Resources */,
			);
			runOnlyForDeploymentPostprocessing = 0;
		};
/* End PBXResourcesBuildPhase section */

/* Begin PBXSourcesBuildPhase section */
		64A590B22B11A3B500F14EF5 /* Sources */ = {
			isa = PBXSourcesBuildPhase;
			buildActionMask = 2147483647;
			files = (
				64A590BA2B11A3B500F14EF5 /* AppDelegate.swift in Sources */,
				64A590E02B11ABA900F14EF5 /* Stats.swift in Sources */,
				64A590D32B11A84900F14EF5 /* VenueListCell.swift in Sources */,
				64A590EB2B11B46700F14EF5 /* UIViewController+Extension.swift in Sources */,
				64A590DF2B11ABA900F14EF5 /* VenueListModel.swift in Sources */,
				64A590DD2B11ABA900F14EF5 /* Geolocation.swift in Sources */,
				64A590C42B11A3B500F14EF5 /* PhonePayDemo.xcdatamodeld in Sources */,
				64A590DE2B11ABA900F14EF5 /* Meta.swift in Sources */,
				64A590ED2B11B5BB00F14EF5 /* CurrentLocationTrackManager.swift in Sources */,
				64A590E12B11ABA900F14EF5 /* Venues.swift in Sources */,
				64A590E92B11B43E00F14EF5 /* VenueListViewModel.swift in Sources */,
				64A590D12B11A73100F14EF5 /* VenueListViewController.swift in Sources */,
				64A590D52B11AA6600F14EF5 /* NetworkHelper.swift in Sources */,
				64A590E22B11ABA900F14EF5 /* Location.swift in Sources */,
				64A590BC2B11A3B500F14EF5 /* SceneDelegate.swift in Sources */,
				64A590E42B11B34900F14EF5 /* Reachability.swift in Sources */,
			);
			runOnlyForDeploymentPostprocessing = 0;
		};
/* End PBXSourcesBuildPhase section */

/* Begin PBXVariantGroup section */
		64A590BF2B11A3B500F14EF5 /* Main.storyboard */ = {
			isa = PBXVariantGroup;
			children = (
				64A590C02B11A3B500F14EF5 /* Base */,
			);
			name = Main.storyboard;
			sourceTree = "<group>";
		};
		64A590C72B11A3B600F14EF5 /* LaunchScreen.storyboard */ = {
			isa = PBXVariantGroup;
			children = (
				64A590C82B11A3B600F14EF5 /* Base */,
			);
			name = LaunchScreen.storyboard;
			sourceTree = "<group>";
		};
/* End PBXVariantGroup section */

/* Begin XCBuildConfiguration section */
		64A590CB2B11A3B600F14EF5 /* Debug */ = {
			isa = XCBuildConfiguration;
			buildSettings = {
				ALWAYS_SEARCH_USER_PATHS = NO;
				ASSETCATALOG_COMPILER_GENERATE_SWIFT_ASSET_SYMBOL_EXTENSIONS = YES;
				CLANG_ANALYZER_NONNULL = YES;
				CLANG_ANALYZER_NUMBER_OBJECT_CONVERSION = YES_AGGRESSIVE;
				CLANG_CXX_LANGUAGE_STANDARD = "gnu++20";
				CLANG_ENABLE_MODULES = YES;
				CLANG_ENABLE_OBJC_ARC = YES;
				CLANG_ENABLE_OBJC_WEAK = YES;
				CLANG_WARN_BLOCK_CAPTURE_AUTORELEASING = YES;
				CLANG_WARN_BOOL_CONVERSION = YES;
				CLANG_WARN_COMMA = YES;
				CLANG_WARN_CONSTANT_CONVERSION = YES;
				CLANG_WARN_DEPRECATED_OBJC_IMPLEMENTATIONS = YES;
				CLANG_WARN_DIRECT_OBJC_ISA_USAGE = YES_ERROR;
				CLANG_WARN_DOCUMENTATION_COMMENTS = YES;
				CLANG_WARN_EMPTY_BODY = YES;
				CLANG_WARN_ENUM_CONVERSION = YES;
				CLANG_WARN_INFINITE_RECURSION = YES;
				CLANG_WARN_INT_CONVERSION = YES;
				CLANG_WARN_NON_LITERAL_NULL_CONVERSION = YES;
				CLANG_WARN_OBJC_IMPLICIT_RETAIN_SELF = YES;
				CLANG_WARN_OBJC_LITERAL_CONVERSION = YES;
				CLANG_WARN_OBJC_ROOT_CLASS = YES_ERROR;
				CLANG_WARN_QUOTED_INCLUDE_IN_FRAMEWORK_HEADER = YES;
				CLANG_WARN_RANGE_LOOP_ANALYSIS = YES;
				CLANG_WARN_STRICT_PROTOTYPES = YES;
				CLANG_WARN_SUSPICIOUS_MOVE = YES;
				CLANG_WARN_UNGUARDED_AVAILABILITY = YES_AGGRESSIVE;
				CLANG_WARN_UNREACHABLE_CODE = YES;
				CLANG_WARN__DUPLICATE_METHOD_MATCH = YES;
				COPY_PHASE_STRIP = NO;
				DEBUG_INFORMATION_FORMAT = dwarf;
				ENABLE_STRICT_OBJC_MSGSEND = YES;
				ENABLE_TESTABILITY = YES;
				ENABLE_USER_SCRIPT_SANDBOXING = YES;
				GCC_C_LANGUAGE_STANDARD = gnu17;
				GCC_DYNAMIC_NO_PIC = NO;
				GCC_NO_COMMON_BLOCKS = YES;
				GCC_OPTIMIZATION_LEVEL = 0;
				GCC_PREPROCESSOR_DEFINITIONS = (
					"DEBUG=1",
					"$(inherited)",
				);
				GCC_WARN_64_TO_32_BIT_CONVERSION = YES;
				GCC_WARN_ABOUT_RETURN_TYPE = YES_ERROR;
				GCC_WARN_UNDECLARED_SELECTOR = YES;
				GCC_WARN_UNINITIALIZED_AUTOS = YES_AGGRESSIVE;
				GCC_WARN_UNUSED_FUNCTION = YES;
				GCC_WARN_UNUSED_VARIABLE = YES;
				IPHONEOS_DEPLOYMENT_TARGET = 17.0;
				LOCALIZATION_PREFERS_STRING_CATALOGS = YES;
				MTL_ENABLE_DEBUG_INFO = INCLUDE_SOURCE;
				MTL_FAST_MATH = YES;
				ONLY_ACTIVE_ARCH = YES;
				SDKROOT = iphoneos;
				SWIFT_ACTIVE_COMPILATION_CONDITIONS = "DEBUG $(inherited)";
				SWIFT_OPTIMIZATION_LEVEL = "-Onone";
			};
			name = Debug;
		};
		64A590CC2B11A3B600F14EF5 /* Release */ = {
			isa = XCBuildConfiguration;
			buildSettings = {
				ALWAYS_SEARCH_USER_PATHS = NO;
				ASSETCATALOG_COMPILER_GENERATE_SWIFT_ASSET_SYMBOL_EXTENSIONS = YES;
				CLANG_ANALYZER_NONNULL = YES;
				CLANG_ANALYZER_NUMBER_OBJECT_CONVERSION = YES_AGGRESSIVE;
				CLANG_CXX_LANGUAGE_STANDARD = "gnu++20";
				CLANG_ENABLE_MODULES = YES;
				CLANG_ENABLE_OBJC_ARC = YES;
				CLANG_ENABLE_OBJC_WEAK = YES;
				CLANG_WARN_BLOCK_CAPTURE_AUTORELEASING = YES;
				CLANG_WARN_BOOL_CONVERSION = YES;
				CLANG_WARN_COMMA = YES;
				CLANG_WARN_CONSTANT_CONVERSION = YES;
				CLANG_WARN_DEPRECATED_OBJC_IMPLEMENTATIONS = YES;
				CLANG_WARN_DIRECT_OBJC_ISA_USAGE = YES_ERROR;
				CLANG_WARN_DOCUMENTATION_COMMENTS = YES;
				CLANG_WARN_EMPTY_BODY = YES;
				CLANG_WARN_ENUM_CONVERSION = YES;
				CLANG_WARN_INFINITE_RECURSION = YES;
				CLANG_WARN_INT_CONVERSION = YES;
				CLANG_WARN_NON_LITERAL_NULL_CONVERSION = YES;
				CLANG_WARN_OBJC_IMPLICIT_RETAIN_SELF = YES;
				CLANG_WARN_OBJC_LITERAL_CONVERSION = YES;
				CLANG_WARN_OBJC_ROOT_CLASS = YES_ERROR;
				CLANG_WARN_QUOTED_INCLUDE_IN_FRAMEWORK_HEADER = YES;
				CLANG_WARN_RANGE_LOOP_ANALYSIS = YES;
				CLANG_WARN_STRICT_PROTOTYPES = YES;
				CLANG_WARN_SUSPICIOUS_MOVE = YES;
				CLANG_WARN_UNGUARDED_AVAILABILITY = YES_AGGRESSIVE;
				CLANG_WARN_UNREACHABLE_CODE = YES;
				CLANG_WARN__DUPLICATE_METHOD_MATCH = YES;
				COPY_PHASE_STRIP = NO;
				DEBUG_INFORMATION_FORMAT = "dwarf-with-dsym";
				ENABLE_NS_ASSERTIONS = NO;
				ENABLE_STRICT_OBJC_MSGSEND = YES;
				ENABLE_USER_SCRIPT_SANDBOXING = YES;
				GCC_C_LANGUAGE_STANDARD = gnu17;
				GCC_NO_COMMON_BLOCKS = YES;
				GCC_WARN_64_TO_32_BIT_CONVERSION = YES;
				GCC_WARN_ABOUT_RETURN_TYPE = YES_ERROR;
				GCC_WARN_UNDECLARED_SELECTOR = YES;
				GCC_WARN_UNINITIALIZED_AUTOS = YES_AGGRESSIVE;
				GCC_WARN_UNUSED_FUNCTION = YES;
				GCC_WARN_UNUSED_VARIABLE = YES;
				IPHONEOS_DEPLOYMENT_TARGET = 17.0;
				LOCALIZATION_PREFERS_STRING_CATALOGS = YES;
				MTL_ENABLE_DEBUG_INFO = NO;
				MTL_FAST_MATH = YES;
				SDKROOT = iphoneos;
				SWIFT_COMPILATION_MODE = wholemodule;
				VALIDATE_PRODUCT = YES;
			};
			name = Release;
		};
		64A590CE2B11A3B600F14EF5 /* Debug */ = {
			isa = XCBuildConfiguration;
			buildSettings = {
				ASSETCATALOG_COMPILER_APPICON_NAME = AppIcon;
				ASSETCATALOG_COMPILER_GLOBAL_ACCENT_COLOR_NAME = AccentColor;
				CODE_SIGN_STYLE = Automatic;
				CURRENT_PROJECT_VERSION = 1;
				GENERATE_INFOPLIST_FILE = YES;
				INFOPLIST_FILE = PhonePayDemo/Info.plist;
				INFOPLIST_KEY_UIApplicationSupportsIndirectInputEvents = YES;
				INFOPLIST_KEY_UILaunchStoryboardName = LaunchScreen;
				INFOPLIST_KEY_UIMainStoryboardFile = Main;
				INFOPLIST_KEY_UISupportedInterfaceOrientations_iPad = "UIInterfaceOrientationPortrait UIInterfaceOrientationPortraitUpsideDown UIInterfaceOrientationLandscapeLeft UIInterfaceOrientationLandscapeRight";
				INFOPLIST_KEY_UISupportedInterfaceOrientations_iPhone = "UIInterfaceOrientationPortrait UIInterfaceOrientationLandscapeLeft UIInterfaceOrientationLandscapeRight";
				LD_RUNPATH_SEARCH_PATHS = (
					"$(inherited)",
					"@executable_path/Frameworks",
				);
				MARKETING_VERSION = 1.0;
				PRODUCT_BUNDLE_IDENTIFIER = macbookPro.PhonePayDemo;
				PRODUCT_NAME = "$(TARGET_NAME)";
				SWIFT_EMIT_LOC_STRINGS = YES;
				SWIFT_VERSION = 5.0;
				TARGETED_DEVICE_FAMILY = "1,2";
			};
			name = Debug;
		};
		64A590CF2B11A3B600F14EF5 /* Release */ = {
			isa = XCBuildConfiguration;
			buildSettings = {
				ASSETCATALOG_COMPILER_APPICON_NAME = AppIcon;
				ASSETCATALOG_COMPILER_GLOBAL_ACCENT_COLOR_NAME = AccentColor;
				CODE_SIGN_STYLE = Automatic;
				CURRENT_PROJECT_VERSION = 1;
				GENERATE_INFOPLIST_FILE = YES;
				INFOPLIST_FILE = PhonePayDemo/Info.plist;
				INFOPLIST_KEY_UIApplicationSupportsIndirectInputEvents = YES;
				INFOPLIST_KEY_UILaunchStoryboardName = LaunchScreen;
				INFOPLIST_KEY_UIMainStoryboardFile = Main;
				INFOPLIST_KEY_UISupportedInterfaceOrientations_iPad = "UIInterfaceOrientationPortrait UIInterfaceOrientationPortraitUpsideDown UIInterfaceOrientationLandscapeLeft UIInterfaceOrientationLandscapeRight";
				INFOPLIST_KEY_UISupportedInterfaceOrientations_iPhone = "UIInterfaceOrientationPortrait UIInterfaceOrientationLandscapeLeft UIInterfaceOrientationLandscapeRight";
				LD_RUNPATH_SEARCH_PATHS = (
					"$(inherited)",
					"@executable_path/Frameworks",
				);
				MARKETING_VERSION = 1.0;
				PRODUCT_BUNDLE_IDENTIFIER = macbookPro.PhonePayDemo;
				PRODUCT_NAME = "$(TARGET_NAME)";
				SWIFT_EMIT_LOC_STRINGS = YES;
				SWIFT_VERSION = 5.0;
				TARGETED_DEVICE_FAMILY = "1,2";
			};
			name = Release;
		};
/* End XCBuildConfiguration section */

/* Begin XCConfigurationList section */
		64A590B12B11A3B500F14EF5 /* Build configuration list for PBXProject "PhonePayDemo" */ = {
			isa = XCConfigurationList;
			buildConfigurations = (
				64A590CB2B11A3B600F14EF5 /* Debug */,
				64A590CC2B11A3B600F14EF5 /* Release */,
			);
			defaultConfigurationIsVisible = 0;
			defaultConfigurationName = Release;
		};
		64A590CD2B11A3B600F14EF5 /* Build configuration list for PBXNativeTarget "PhonePayDemo" */ = {
			isa = XCConfigurationList;
			buildConfigurations = (
				64A590CE2B11A3B600F14EF5 /* Debug */,
				64A590CF2B11A3B600F14EF5 /* Release */,
			);
			defaultConfigurationIsVisible = 0;
			defaultConfigurationName = Release;
		};
/* End XCConfigurationList section */

/* Begin XCVersionGroup section */
		64A590C22B11A3B500F14EF5 /* PhonePayDemo.xcdatamodeld */ = {
			isa = XCVersionGroup;
			children = (
				64A590C32B11A3B500F14EF5 /* PhonePayDemo.xcdatamodel */,
			);
			currentVersion = 64A590C32B11A3B500F14EF5 /* PhonePayDemo.xcdatamodel */;
			path = PhonePayDemo.xcdatamodeld;
			sourceTree = "<group>";
			versionGroupType = wrapper.xcdatamodel;
		};
/* End XCVersionGroup section */
	};
	rootObject = 64A590AE2B11A3B500F14EF5 /* Project object */;
}
